
Microsoft Visual Studio Solution File, Format Version 12.00
# Visual Studio Version 16
VisualStudioVersion = 16.0.30717.126
MinimumVisualStudioVersion = 10.0.40219.1
Project("{9A19103F-16F7-4668-BE54-9A1E7A4F7556}") = "CodenamesScores", "CodenamesScores\CodenamesScores.csproj", "{BACECE29-5094-4DB6-B7C8-F15BBC48E54C}"
EndProject
Global
	GlobalSection(SolutionConfigurationPlatforms) = preSolution
		Debug|Any CPU = Debug|Any CPU
		Release|Any CPU = Release|Any CPU
	EndGlobalSection
	GlobalSection(ProjectConfigurationPlatforms) = postSolution
		{BACECE29-5094-4DB6-B7C8-F15BBC48E54C}.Debug|Any CPU.ActiveCfg = Debug|Any CPU
		{BACECE29-5094-4DB6-B7C8-F15BBC48E54C}.Debug|Any CPU.Build.0 = Debug|Any CPU
		{BACECE29-5094-4DB6-B7C8-F15BBC48E54C}.Release|Any CPU.ActiveCfg = Release|Any CPU
		{BACECE29-5094-4DB6-B7C8-F15BBC48E54C}.Release|Any CPU.Build.0 = Release|Any CPU
	EndGlobalSection
	GlobalSection(SolutionProperties) = preSolution
		HideSolutionNode = FALSE
	EndGlobalSection
	GlobalSection(ExtensibilityGlobals) = postSolution
		SolutionGuid = {4E145BBF-AA5D-4DF0-8E47-A805D3D3DC59}
	EndGlobalSection
EndGlobal
